
Microsoft Visual Studio Solution File, Format Version 12.00
# Visual Studio Version 17
VisualStudioVersion = 17.0.31903.59
MinimumVisualStudioVersion = 10.0.40219.1
Project("{FAE04EC0-301F-11D3-BF4B-00C04F79EFBC}") = "MyMath", "MyMath\MyMath.csproj", "{33159283-4FCB-4980-94BC-FA23586DD295}"
EndProject
Project("{FAE04EC0-301F-11D3-BF4B-00C04F79EFBC}") = "MyMath.Tests", "MyMath.Tests\MyMath.Tests.csproj", "{5092D5B7-B92E-476F-B76B-824017A1EDE8}"
EndProject
Global
	GlobalSection(SolutionConfigurationPlatforms) = preSolution
		Debug|Any CPU = Debug|Any CPU
		Release|Any CPU = Release|Any CPU
	EndGlobalSection
	GlobalSection(SolutionProperties) = preSolution
		HideSolutionNode = FALSE
	EndGlobalSection
	GlobalSection(ProjectConfigurationPlatforms) = postSolution
		{33159283-4FCB-4980-94BC-FA23586DD295}.Debug|Any CPU.ActiveCfg = Debug|Any CPU
		{33159283-4FCB-4980-94BC-FA23586DD295}.Debug|Any CPU.Build.0 = Debug|Any CPU
		{33159283-4FCB-4980-94BC-FA23586DD295}.Release|Any CPU.ActiveCfg = Release|Any CPU
		{33159283-4FCB-4980-94BC-FA23586DD295}.Release|Any CPU.Build.0 = Release|Any CPU
		{5092D5B7-B92E-476F-B76B-824017A1EDE8}.Debug|Any CPU.ActiveCfg = Debug|Any CPU
		{5092D5B7-B92E-476F-B76B-824017A1EDE8}.Debug|Any CPU.Build.0 = Debug|Any CPU
		{5092D5B7-B92E-476F-B76B-824017A1EDE8}.Release|Any CPU.ActiveCfg = Release|Any CPU
		{5092D5B7-B92E-476F-B76B-824017A1EDE8}.Release|Any CPU.Build.0 = Release|Any CPU
	EndGlobalSection
EndGlobal
