
Microsoft Visual Studio Solution File, Format Version 12.00
# Visual Studio Version 17
VisualStudioVersion = 17.5.002.0
MinimumVisualStudioVersion = 10.0.40219.1
Project("{9A19103F-16F7-4668-BE54-9A1E7A4F7556}") = "0-print_array", "0-print_array\0-print_array.csproj", "{9D8FC75E-BEB6-4D1F-AD96-13A684D4A3E2}"
EndProject
Global
	GlobalSection(SolutionConfigurationPlatforms) = preSolution
		Debug|Any CPU = Debug|Any CPU
		Release|Any CPU = Release|Any CPU
	EndGlobalSection
	GlobalSection(ProjectConfigurationPlatforms) = postSolution
		{9D8FC75E-BEB6-4D1F-AD96-13A684D4A3E2}.Debug|Any CPU.ActiveCfg = Debug|Any CPU
		{9D8FC75E-BEB6-4D1F-AD96-13A684D4A3E2}.Debug|Any CPU.Build.0 = Debug|Any CPU
		{9D8FC75E-BEB6-4D1F-AD96-13A684D4A3E2}.Release|Any CPU.ActiveCfg = Release|Any CPU
		{9D8FC75E-BEB6-4D1F-AD96-13A684D4A3E2}.Release|Any CPU.Build.0 = Release|Any CPU
	EndGlobalSection
	GlobalSection(SolutionProperties) = preSolution
		HideSolutionNode = FALSE
	EndGlobalSection
	GlobalSection(ExtensibilityGlobals) = postSolution
		SolutionGuid = {8D4656FD-9F75-4988-A5E3-8B08464E7C5A}
	EndGlobalSection
EndGlobal
