
Microsoft Visual Studio Solution File, Format Version 12.00
# Visual Studio Version 17
VisualStudioVersion = 17.0.31903.59
MinimumVisualStudioVersion = 10.0.40219.1
Project("{FAE04EC0-301F-11D3-BF4B-00C04F79EFBC}") = "InventoryLibrary", "InventoryLibrary\InventoryLibrary.csproj", "{F9C87858-EEC5-4830-BF80-4C185FAE71F0}"
EndProject
Project("{FAE04EC0-301F-11D3-BF4B-00C04F79EFBC}") = "InventoryManager", "InventoryManager\InventoryManager.csproj", "{DFE79FAF-06F4-467C-845D-28156A5AF3C7}"
EndProject
Project("{FAE04EC0-301F-11D3-BF4B-00C04F79EFBC}") = "InventoryManagement.Tests", "InventoryManagement.Tests\InventoryManagement.Tests.csproj", "{5F4259D8-759C-48C8-A2E6-6DFB85886C9B}"
EndProject
Global
	GlobalSection(SolutionConfigurationPlatforms) = preSolution
		Debug|Any CPU = Debug|Any CPU
		Release|Any CPU = Release|Any CPU
	EndGlobalSection
	GlobalSection(SolutionProperties) = preSolution
		HideSolutionNode = FALSE
	EndGlobalSection
	GlobalSection(ProjectConfigurationPlatforms) = postSolution
		{F9C87858-EEC5-4830-BF80-4C185FAE71F0}.Debug|Any CPU.ActiveCfg = Debug|Any CPU
		{F9C87858-EEC5-4830-BF80-4C185FAE71F0}.Debug|Any CPU.Build.0 = Debug|Any CPU
		{F9C87858-EEC5-4830-BF80-4C185FAE71F0}.Release|Any CPU.ActiveCfg = Release|Any CPU
		{F9C87858-EEC5-4830-BF80-4C185FAE71F0}.Release|Any CPU.Build.0 = Release|Any CPU
		{DFE79FAF-06F4-467C-845D-28156A5AF3C7}.Debug|Any CPU.ActiveCfg = Debug|Any CPU
		{DFE79FAF-06F4-467C-845D-28156A5AF3C7}.Debug|Any CPU.Build.0 = Debug|Any CPU
		{DFE79FAF-06F4-467C-845D-28156A5AF3C7}.Release|Any CPU.ActiveCfg = Release|Any CPU
		{DFE79FAF-06F4-467C-845D-28156A5AF3C7}.Release|Any CPU.Build.0 = Release|Any CPU
		{5F4259D8-759C-48C8-A2E6-6DFB85886C9B}.Debug|Any CPU.ActiveCfg = Debug|Any CPU
		{5F4259D8-759C-48C8-A2E6-6DFB85886C9B}.Debug|Any CPU.Build.0 = Debug|Any CPU
		{5F4259D8-759C-48C8-A2E6-6DFB85886C9B}.Release|Any CPU.ActiveCfg = Release|Any CPU
		{5F4259D8-759C-48C8-A2E6-6DFB85886C9B}.Release|Any CPU.Build.0 = Release|Any CPU
	EndGlobalSection
EndGlobal
